
Microsoft Visual Studio Solution File, Format Version 12.00
# Visual Studio 2013
VisualStudioVersion = 12.0.21005.1
MinimumVisualStudioVersion = 10.0.40219.1
Project("{FAE04EC0-301F-11D3-BF4B-00C04F79EFBC}") = "SpaDemo", "SpaDemo\SpaDemo.csproj", "{48EE12DB-C9D0-495C-BCC6-24BFC277F76C}"
EndProject
Project("{CC5FD16D-436D-48AD-A40C-5A424C6E3E79}") = "SpaDemo.Azure", "SpaDemo.Azure\SpaDemo.Azure.ccproj", "{FA8A5CD6-4E2C-4D45-99FA-CB33F8231776}"
EndProject
Global
	GlobalSection(SolutionConfigurationPlatforms) = preSolution
		Debug|Any CPU = Debug|Any CPU
		Release|Any CPU = Release|Any CPU
	EndGlobalSection
	GlobalSection(ProjectConfigurationPlatforms) = postSolution
		{48EE12DB-C9D0-495C-BCC6-24BFC277F76C}.Debug|Any CPU.ActiveCfg = Debug|Any CPU
		{48EE12DB-C9D0-495C-BCC6-24BFC277F76C}.Debug|Any CPU.Build.0 = Debug|Any CPU
		{48EE12DB-C9D0-495C-BCC6-24BFC277F76C}.Release|Any CPU.ActiveCfg = Release|Any CPU
		{48EE12DB-C9D0-495C-BCC6-24BFC277F76C}.Release|Any CPU.Build.0 = Release|Any CPU
		{FA8A5CD6-4E2C-4D45-99FA-CB33F8231776}.Debug|Any CPU.ActiveCfg = Debug|Any CPU
		{FA8A5CD6-4E2C-4D45-99FA-CB33F8231776}.Debug|Any CPU.Build.0 = Debug|Any CPU
		{FA8A5CD6-4E2C-4D45-99FA-CB33F8231776}.Release|Any CPU.ActiveCfg = Release|Any CPU
		{FA8A5CD6-4E2C-4D45-99FA-CB33F8231776}.Release|Any CPU.Build.0 = Release|Any CPU
	EndGlobalSection
	GlobalSection(SolutionProperties) = preSolution
		HideSolutionNode = FALSE
	EndGlobalSection
EndGlobal
